
Microsoft Visual Studio Solution File, Format Version 12.00
# Visual Studio Version 17
VisualStudioVersion = 17.5.002.0
MinimumVisualStudioVersion = 10.0.40219.1
Project("{9A19103F-16F7-4668-BE54-9A1E7A4F7556}") = "SamplePredictor", "SamplePredictor.csproj", "{93E55198-87B4-49D6-9D72-58AC8D7A8497}"
EndProject
Global
	GlobalSection(SolutionConfigurationPlatforms) = preSolution
		Debug|Any CPU = Debug|Any CPU
		Release|Any CPU = Release|Any CPU
	EndGlobalSection
	GlobalSection(ProjectConfigurationPlatforms) = postSolution
		{93E55198-87B4-49D6-9D72-58AC8D7A8497}.Debug|Any CPU.ActiveCfg = Debug|Any CPU
		{93E55198-87B4-49D6-9D72-58AC8D7A8497}.Debug|Any CPU.Build.0 = Debug|Any CPU
		{93E55198-87B4-49D6-9D72-58AC8D7A8497}.Release|Any CPU.ActiveCfg = Release|Any CPU
		{93E55198-87B4-49D6-9D72-58AC8D7A8497}.Release|Any CPU.Build.0 = Release|Any CPU
	EndGlobalSection
	GlobalSection(SolutionProperties) = preSolution
		HideSolutionNode = FALSE
	EndGlobalSection
	GlobalSection(ExtensibilityGlobals) = postSolution
		SolutionGuid = {185937A5-0E5E-4BD0-AE4D-C1BDB91CEBE0}
	EndGlobalSection
EndGlobal
